{
  "requires": true,
  "lockfileVersion": 1,
  "dependencies": {
    "file-saver": {
      "version": "2.0.0-rc.3",
      "resolved": "https://registry.npmjs.org/file-saver/-/file-saver-2.0.0-rc.3.tgz",
      "integrity": "sha512-LZ89x9kYxsAbJFoeLFiD5dRQnGoppXn3NLmPuULYyiKeAcEHQ8TTUwzGAEWT1VjoNGCapP3z+OG2qrwPoas80Q=="
    }
  }
}
